
Microsoft Visual Studio Solution File, Format Version 12.00
# Visual Studio Version 17
VisualStudioVersion = 17.7.34202.233
MinimumVisualStudioVersion = 10.0.40219.1
Project("{9A19103F-16F7-4668-BE54-9A1E7A4F7556}") = "RabbitMqProductAPI", "RabbitMqProductAPI\RabbitMqProductAPI.csproj", "{0E1E7855-272E-470B-8129-7DB003E47783}"
EndProject
Project("{FAE04EC0-301F-11D3-BF4B-00C04F79EFBC}") = "RabbitMQProduct.ConsoleApplication", "RabbitMQProduct.ConsoleApplication\RabbitMQProduct.ConsoleApplication.csproj", "{B86256FA-EBCB-44BF-9E41-919CC36E70EA}"
EndProject
Global
	GlobalSection(SolutionConfigurationPlatforms) = preSolution
		Debug|Any CPU = Debug|Any CPU
		Release|Any CPU = Release|Any CPU
	EndGlobalSection
	GlobalSection(ProjectConfigurationPlatforms) = postSolution
		{0E1E7855-272E-470B-8129-7DB003E47783}.Debug|Any CPU.ActiveCfg = Debug|Any CPU
		{0E1E7855-272E-470B-8129-7DB003E47783}.Debug|Any CPU.Build.0 = Debug|Any CPU
		{0E1E7855-272E-470B-8129-7DB003E47783}.Release|Any CPU.ActiveCfg = Release|Any CPU
		{0E1E7855-272E-470B-8129-7DB003E47783}.Release|Any CPU.Build.0 = Release|Any CPU
		{B86256FA-EBCB-44BF-9E41-919CC36E70EA}.Debug|Any CPU.ActiveCfg = Debug|Any CPU
		{B86256FA-EBCB-44BF-9E41-919CC36E70EA}.Debug|Any CPU.Build.0 = Debug|Any CPU
		{B86256FA-EBCB-44BF-9E41-919CC36E70EA}.Release|Any CPU.ActiveCfg = Release|Any CPU
		{B86256FA-EBCB-44BF-9E41-919CC36E70EA}.Release|Any CPU.Build.0 = Release|Any CPU
	EndGlobalSection
	GlobalSection(SolutionProperties) = preSolution
		HideSolutionNode = FALSE
	EndGlobalSection
	GlobalSection(ExtensibilityGlobals) = postSolution
		SolutionGuid = {44EEF4B0-303C-4907-9CDA-EDA5A705DA51}
	EndGlobalSection
EndGlobal
